{
  "name": "comfy-registry-pr",
  "lockfileVersion": 3,
  "requires": true,
  "packages": {
    "": {
      "name": "comfy-registry-pr",
      "dependencies": {
        "axios": "^1.6.8",
        "dotenv": "^16.4.5",
        "execa": "^9.1.0",
        "md5": "^2.3.0",
        "octokit": "^4.0.2",
        "snorun": "^1.1.17",
        "toml": "^3.0.0",
        "zx": "^8.1.0"
      },
      "devDependencies": {
        "@types/bun": "latest",
        "@types/md5": "^2.3.5"
      },
      "peerDependencies": {
        "typescript": "^5.4.5"
      },
      "version": "0.2.1"
    },
    "node_modules/@octokit/app": {
      "version": "15.0.1",
      "license": "MIT",
      "dependencies": {
        "@octokit/auth-app": "^7.0.0",
        "@octokit/auth-unauthenticated": "^6.0.0",
        "@octokit/core": "^6.1.2",
        "@octokit/oauth-app": "^7.0.0",
        "@octokit/plugin-paginate-rest": "^11.0.0",
        "@octokit/types": "^13.0.0",
        "@octokit/webhooks": "^13.0.0"
      },
      "engines": {
        "node": ">= 18"
      }
    },
    "node_modules/@octokit/auth-app": {
      "version": "7.1.0",
      "license": "MIT",
      "dependencies": {
        "@octokit/auth-oauth-app": "^8.1.0",
        "@octokit/auth-oauth-user": "^5.1.0",
        "@octokit/request": "^9.1.1",
        "@octokit/request-error": "^6.1.1",
        "@octokit/types": "^13.4.1",
        "lru-cache": "^10.0.0",
        "universal-github-app-jwt": "^2.2.0",
        "universal-user-agent": "^7.0.0"
      },
      "engines": {
        "node": ">= 18"
      }
    },
    "node_modules/@octokit/auth-oauth-app": {
      "version": "8.1.1",
      "license": "MIT",
      "dependencies": {
        "@octokit/auth-oauth-device": "^7.0.0",
        "@octokit/auth-oauth-user": "^5.0.1",
        "@octokit/request": "^9.0.0",
        "@octokit/types": "^13.0.0",
        "universal-user-agent": "^7.0.0"
      },
      "engines": {
        "node": ">= 18"
      }
    },
    "node_modules/@octokit/auth-oauth-device": {
      "version": "7.1.1",
      "license": "MIT",
      "dependencies": {
        "@octokit/oauth-methods": "^5.0.0",
        "@octokit/request": "^9.0.0",
        "@octokit/types": "^13.0.0",
        "universal-user-agent": "^7.0.0"
      },
      "engines": {
        "node": ">= 18"
      }
    },
    "node_modules/@octokit/auth-oauth-user": {
      "version": "5.1.1",
      "license": "MIT",
      "dependencies": {
        "@octokit/auth-oauth-device": "^7.0.1",
        "@octokit/oauth-methods": "^5.0.0",
        "@octokit/request": "^9.0.1",
        "@octokit/types": "^13.0.0",
        "universal-user-agent": "^7.0.0"
      },
      "engines": {
        "node": ">= 18"
      }
    },
    "node_modules/@octokit/auth-token": {
      "version": "5.1.1",
      "license": "MIT",
      "engines": {
        "node": ">= 18"
      }
    },
    "node_modules/@octokit/auth-unauthenticated": {
      "version": "6.1.0",
      "license": "MIT",
      "dependencies": {
        "@octokit/request-error": "^6.0.1",
        "@octokit/types": "^13.0.0"
      },
      "engines": {
        "node": ">= 18"
      }
    },
    "node_modules/@octokit/core": {
      "version": "6.1.2",
      "license": "MIT",
      "dependencies": {
        "@octokit/auth-token": "^5.0.0",
        "@octokit/graphql": "^8.0.0",
        "@octokit/request": "^9.0.0",
        "@octokit/request-error": "^6.0.1",
        "@octokit/types": "^13.0.0",
        "before-after-hook": "^3.0.2",
        "universal-user-agent": "^7.0.0"
      },
      "engines": {
        "node": ">= 18"
      }
    },
    "node_modules/@octokit/endpoint": {
      "version": "10.1.1",
      "license": "MIT",
      "dependencies": {
        "@octokit/types": "^13.0.0",
        "universal-user-agent": "^7.0.2"
      },
      "engines": {
        "node": ">= 18"
      }
    },
    "node_modules/@octokit/graphql": {
      "version": "8.1.1",
      "license": "MIT",
      "dependencies": {
        "@octokit/request": "^9.0.0",
        "@octokit/types": "^13.0.0",
        "universal-user-agent": "^7.0.0"
      },
      "engines": {
        "node": ">= 18"
      }
    },
    "node_modules/@octokit/oauth-app": {
      "version": "7.1.2",
      "license": "MIT",
      "dependencies": {
        "@octokit/auth-oauth-app": "^8.0.0",
        "@octokit/auth-oauth-user": "^5.0.1",
        "@octokit/auth-unauthenticated": "^6.0.0-beta.1",
        "@octokit/core": "^6.0.0",
        "@octokit/oauth-authorization-url": "^7.0.0",
        "@octokit/oauth-methods": "^5.0.0",
        "@types/aws-lambda": "^8.10.83",
        "universal-user-agent": "^7.0.0"
      },
      "engines": {
        "node": ">= 18"
      }
    },
    "node_modules/@octokit/oauth-authorization-url": {
      "version": "7.1.1",
      "license": "MIT",
      "engines": {
        "node": ">= 18"
      }
    },
    "node_modules/@octokit/oauth-methods": {
      "version": "5.1.2",
      "license": "MIT",
      "dependencies": {
        "@octokit/oauth-authorization-url": "^7.0.0",
        "@octokit/request": "^9.1.0",
        "@octokit/request-error": "^6.1.0",
        "@octokit/types": "^13.0.0"
      },
      "engines": {
        "node": ">= 18"
      }
    },
    "node_modules/@octokit/openapi-types": {
      "version": "22.2.0",
      "license": "MIT"
    },
    "node_modules/@octokit/openapi-webhooks-types": {
      "version": "8.2.1",
      "license": "MIT"
    },
    "node_modules/@octokit/plugin-paginate-graphql": {
      "version": "5.2.2",
      "license": "MIT",
      "engines": {
        "node": ">= 18"
      },
      "peerDependencies": {
        "@octokit/core": ">=6"
      }
    },
    "node_modules/@octokit/plugin-paginate-rest": {
      "version": "11.3.0",
      "license": "MIT",
      "dependencies": {
        "@octokit/types": "^13.5.0"
      },
      "engines": {
        "node": ">= 18"
      },
      "peerDependencies": {
        "@octokit/core": ">=6"
      }
    },
    "node_modules/@octokit/plugin-rest-endpoint-methods": {
      "version": "13.2.1",
      "license": "MIT",
      "dependencies": {
        "@octokit/types": "^13.5.0"
      },
      "engines": {
        "node": ">= 18"
      },
      "peerDependencies": {
        "@octokit/core": ">=6"
      }
    },
    "node_modules/@octokit/plugin-retry": {
      "version": "7.1.1",
      "license": "MIT",
      "dependencies": {
        "@octokit/request-error": "^6.0.0",
        "@octokit/types": "^13.0.0",
        "bottleneck": "^2.15.3"
      },
      "engines": {
        "node": ">= 18"
      },
      "peerDependencies": {
        "@octokit/core": ">=6"
      }
    },
    "node_modules/@octokit/plugin-throttling": {
      "version": "9.3.0",
      "license": "MIT",
      "dependencies": {
        "@octokit/types": "^13.0.0",
        "bottleneck": "^2.15.3"
      },
      "engines": {
        "node": ">= 18"
      },
      "peerDependencies": {
        "@octokit/core": "^6.0.0"
      }
    },
    "node_modules/@octokit/request": {
      "version": "9.1.1",
      "license": "MIT",
      "dependencies": {
        "@octokit/endpoint": "^10.0.0",
        "@octokit/request-error": "^6.0.1",
        "@octokit/types": "^13.1.0",
        "universal-user-agent": "^7.0.2"
      },
      "engines": {
        "node": ">= 18"
      }
    },
    "node_modules/@octokit/request-error": {
      "version": "6.1.1",
      "license": "MIT",
      "dependencies": {
        "@octokit/types": "^13.0.0"
      },
      "engines": {
        "node": ">= 18"
      }
    },
    "node_modules/@octokit/types": {
      "version": "13.5.0",
      "license": "MIT",
      "dependencies": {
        "@octokit/openapi-types": "^22.2.0"
      }
    },
    "node_modules/@octokit/webhooks": {
      "version": "13.2.7",
      "license": "MIT",
      "dependencies": {
        "@octokit/openapi-webhooks-types": "8.2.1",
        "@octokit/request-error": "^6.0.1",
        "@octokit/webhooks-methods": "^5.0.0",
        "aggregate-error": "^5.0.0"
      },
      "engines": {
        "node": ">= 18"
      }
    },
    "node_modules/@octokit/webhooks-methods": {
      "version": "5.1.0",
      "license": "MIT",
      "engines": {
        "node": ">= 18"
      }
    },
    "node_modules/@sec-ant/readable-stream": {
      "version": "0.4.1",
      "license": "MIT"
    },
    "node_modules/@sindresorhus/merge-streams": {
      "version": "4.0.0",
      "license": "MIT",
      "engines": {
        "node": ">=18"
      },
      "funding": {
        "url": "https://github.com/sponsors/sindresorhus"
      }
    },
    "node_modules/@types/aws-lambda": {
      "version": "8.10.138",
      "license": "MIT"
    },
    "node_modules/@types/bun": {
      "version": "1.1.2",
      "resolved": "https://registry.npmjs.org/@types/bun/-/bun-1.1.2.tgz",
      "integrity": "sha512-pRBDD3EDqPf83qe95i3EpYu5G2J8bbb78a3736vnCm2K8YWtEE5cvJUq2jkKvJhW07YTfQtbImywIwRhWL8z3Q==",
      "dev": true,
      "dependencies": {
        "bun-types": "1.1.8"
      }
    },
    "node_modules/@types/fs-extra": {
      "version": "11.0.4",
      "license": "MIT",
      "optional": true,
      "dependencies": {
        "@types/jsonfile": "*",
        "@types/node": "*"
      }
    },
    "node_modules/@types/jsonfile": {
      "version": "6.1.4",
      "license": "MIT",
      "optional": true,
      "dependencies": {
        "@types/node": "*"
      }
    },
    "node_modules/@types/md5": {
      "version": "2.3.5",
      "resolved": "https://registry.npmjs.org/@types/md5/-/md5-2.3.5.tgz",
      "integrity": "sha512-/i42wjYNgE6wf0j2bcTX6kuowmdL/6PE4IVitMpm2eYKBUuYCprdcWVK+xEF0gcV6ufMCRhtxmReGfc6hIK7Jw==",
      "dev": true
    },
    "node_modules/@types/node": {
      "version": "20.12.12",
      "devOptional": true,
      "license": "MIT",
      "dependencies": {
        "undici-types": "~5.26.4"
      }
    },
    "node_modules/@types/ws": {
      "version": "8.5.10",
      "dev": true,
      "license": "MIT",
      "dependencies": {
        "@types/node": "*"
      }
    },
    "node_modules/aggregate-error": {
      "version": "5.0.0",
      "license": "MIT",
      "dependencies": {
        "clean-stack": "^5.2.0",
        "indent-string": "^5.0.0"
      },
      "engines": {
        "node": ">=18"
      },
      "funding": {
        "url": "https://github.com/sponsors/sindresorhus"
      }
    },
    "node_modules/asynckit": {
      "version": "0.4.0",
      "license": "MIT"
    },
    "node_modules/axios": {
      "version": "1.6.8",
      "license": "MIT",
      "dependencies": {
        "follow-redirects": "^1.15.6",
        "form-data": "^4.0.0",
        "proxy-from-env": "^1.1.0"
      }
    },
    "node_modules/before-after-hook": {
      "version": "3.0.2",
      "license": "Apache-2.0"
    },
    "node_modules/bottleneck": {
      "version": "2.19.5",
      "license": "MIT"
    },
    "node_modules/bun-types": {
      "version": "1.1.8",
      "dev": true,
      "license": "MIT",
      "dependencies": {
        "@types/node": "~20.12.8",
        "@types/ws": "~8.5.10"
      }
    },
    "node_modules/charenc": {
      "version": "0.0.2",
      "license": "BSD-3-Clause",
      "engines": {
        "node": "*"
      }
    },
    "node_modules/clean-stack": {
      "version": "5.2.0",
      "license": "MIT",
      "dependencies": {
        "escape-string-regexp": "5.0.0"
      },
      "engines": {
        "node": ">=14.16"
      },
      "funding": {
        "url": "https://github.com/sponsors/sindresorhus"
      }
    },
    "node_modules/combined-stream": {
      "version": "1.0.8",
      "license": "MIT",
      "dependencies": {
        "delayed-stream": "~1.0.0"
      },
      "engines": {
        "node": ">= 0.8"
      }
    },
    "node_modules/cross-spawn": {
      "version": "7.0.3",
      "license": "MIT",
      "dependencies": {
        "path-key": "^3.1.0",
        "shebang-command": "^2.0.0",
        "which": "^2.0.1"
      },
      "engines": {
        "node": ">= 8"
      }
    },
    "node_modules/crypt": {
      "version": "0.0.2",
      "license": "BSD-3-Clause",
      "engines": {
        "node": "*"
      }
    },
    "node_modules/delayed-stream": {
      "version": "1.0.0",
      "license": "MIT",
      "engines": {
        "node": ">=0.4.0"
      }
    },
    "node_modules/dotenv": {
      "version": "16.4.5",
      "license": "BSD-2-Clause",
      "engines": {
        "node": ">=12"
      },
      "funding": {
        "url": "https://dotenvx.com"
      }
    },
    "node_modules/escape-string-regexp": {
      "version": "5.0.0",
      "license": "MIT",
      "engines": {
        "node": ">=12"
      },
      "funding": {
        "url": "https://github.com/sponsors/sindresorhus"
      }
    },
    "node_modules/execa": {
      "version": "9.1.0",
      "license": "MIT",
      "dependencies": {
        "@sindresorhus/merge-streams": "^4.0.0",
        "cross-spawn": "^7.0.3",
        "figures": "^6.1.0",
        "get-stream": "^9.0.0",
        "human-signals": "^7.0.0",
        "is-plain-obj": "^4.1.0",
        "is-stream": "^4.0.1",
        "npm-run-path": "^5.2.0",
        "pretty-ms": "^9.0.0",
        "signal-exit": "^4.1.0",
        "strip-final-newline": "^4.0.0",
        "yoctocolors": "^2.0.0"
      },
      "engines": {
        "node": ">=18"
      },
      "funding": {
        "url": "https://github.com/sindresorhus/execa?sponsor=1"
      }
    },
    "node_modules/figures": {
      "version": "6.1.0",
      "license": "MIT",
      "dependencies": {
        "is-unicode-supported": "^2.0.0"
      },
      "engines": {
        "node": ">=18"
      },
      "funding": {
        "url": "https://github.com/sponsors/sindresorhus"
      }
    },
    "node_modules/follow-redirects": {
      "version": "1.15.6",
      "funding": [
        {
          "type": "individual",
          "url": "https://github.com/sponsors/RubenVerborgh"
        }
      ],
      "license": "MIT",
      "engines": {
        "node": ">=4.0"
      },
      "peerDependenciesMeta": {
        "debug": {
          "optional": true
        }
      }
    },
    "node_modules/form-data": {
      "version": "4.0.0",
      "license": "MIT",
      "dependencies": {
        "asynckit": "^0.4.0",
        "combined-stream": "^1.0.8",
        "mime-types": "^2.1.12"
      },
      "engines": {
        "node": ">= 6"
      }
    },
    "node_modules/get-stream": {
      "version": "9.0.1",
      "license": "MIT",
      "dependencies": {
        "@sec-ant/readable-stream": "^0.4.1",
        "is-stream": "^4.0.1"
      },
      "engines": {
        "node": ">=18"
      },
      "funding": {
        "url": "https://github.com/sponsors/sindresorhus"
      }
    },
    "node_modules/human-signals": {
      "version": "7.0.0",
      "license": "Apache-2.0",
      "engines": {
        "node": ">=18.18.0"
      }
    },
    "node_modules/indent-string": {
      "version": "5.0.0",
      "license": "MIT",
      "engines": {
        "node": ">=12"
      },
      "funding": {
        "url": "https://github.com/sponsors/sindresorhus"
      }
    },
    "node_modules/is-buffer": {
      "version": "1.1.6",
      "license": "MIT"
    },
    "node_modules/is-plain-obj": {
      "version": "4.1.0",
      "license": "MIT",
      "engines": {
        "node": ">=12"
      },
      "funding": {
        "url": "https://github.com/sponsors/sindresorhus"
      }
    },
    "node_modules/is-stream": {
      "version": "4.0.1",
      "license": "MIT",
      "engines": {
        "node": ">=18"
      },
      "funding": {
        "url": "https://github.com/sponsors/sindresorhus"
      }
    },
    "node_modules/is-unicode-supported": {
      "version": "2.0.0",
      "license": "MIT",
      "engines": {
        "node": ">=18"
      },
      "funding": {
        "url": "https://github.com/sponsors/sindresorhus"
      }
    },
    "node_modules/isexe": {
      "version": "2.0.0",
      "license": "ISC"
    },
    "node_modules/lru-cache": {
      "version": "10.2.2",
      "license": "ISC",
      "engines": {
        "node": "14 || >=16.14"
      }
    },
    "node_modules/md5": {
      "version": "2.3.0",
      "license": "BSD-3-Clause",
      "dependencies": {
        "charenc": "0.0.2",
        "crypt": "0.0.2",
        "is-buffer": "~1.1.6"
      }
    },
    "node_modules/mime-db": {
      "version": "1.52.0",
      "license": "MIT",
      "engines": {
        "node": ">= 0.6"
      }
    },
    "node_modules/mime-types": {
      "version": "2.1.35",
      "license": "MIT",
      "dependencies": {
        "mime-db": "1.52.0"
      },
      "engines": {
        "node": ">= 0.6"
      }
    },
    "node_modules/npm-run-path": {
      "version": "5.3.0",
      "license": "MIT",
      "dependencies": {
        "path-key": "^4.0.0"
      },
      "engines": {
        "node": "^12.20.0 || ^14.13.1 || >=16.0.0"
      },
      "funding": {
        "url": "https://github.com/sponsors/sindresorhus"
      }
    },
    "node_modules/npm-run-path/node_modules/path-key": {
      "version": "4.0.0",
      "license": "MIT",
      "engines": {
        "node": ">=12"
      },
      "funding": {
        "url": "https://github.com/sponsors/sindresorhus"
      }
    },
    "node_modules/octokit": {
      "version": "4.0.2",
      "license": "MIT",
      "dependencies": {
        "@octokit/app": "^15.0.0",
        "@octokit/core": "^6.0.0",
        "@octokit/oauth-app": "^7.0.0",
        "@octokit/plugin-paginate-graphql": "^5.0.0",
        "@octokit/plugin-paginate-rest": "^11.0.0",
        "@octokit/plugin-rest-endpoint-methods": "^13.0.0",
        "@octokit/plugin-retry": "^7.0.0",
        "@octokit/plugin-throttling": "^9.0.0",
        "@octokit/request-error": "^6.0.0",
        "@octokit/types": "^13.0.0"
      },
      "engines": {
        "node": ">= 18"
      }
    },
    "node_modules/parse-ms": {
      "version": "4.0.0",
      "license": "MIT",
      "engines": {
        "node": ">=18"
      },
      "funding": {
        "url": "https://github.com/sponsors/sindresorhus"
      }
    },
    "node_modules/path-key": {
      "version": "3.1.1",
      "license": "MIT",
      "engines": {
        "node": ">=8"
      }
    },
    "node_modules/pretty-ms": {
      "version": "9.0.0",
      "license": "MIT",
      "dependencies": {
        "parse-ms": "^4.0.0"
      },
      "engines": {
        "node": ">=18"
      },
      "funding": {
        "url": "https://github.com/sponsors/sindresorhus"
      }
    },
    "node_modules/proxy-from-env": {
      "version": "1.1.0",
      "license": "MIT"
    },
    "node_modules/shebang-command": {
      "version": "2.0.0",
      "license": "MIT",
      "dependencies": {
        "shebang-regex": "^3.0.0"
      },
      "engines": {
        "node": ">=8"
      }
    },
    "node_modules/shebang-regex": {
      "version": "3.0.0",
      "license": "MIT",
      "engines": {
        "node": ">=8"
      }
    },
    "node_modules/signal-exit": {
      "version": "4.1.0",
      "license": "ISC",
      "engines": {
        "node": ">=14"
      },
      "funding": {
        "url": "https://github.com/sponsors/isaacs"
      }
    },
    "node_modules/snorun": {
      "version": "1.1.17",
      "resolved": "https://registry.npmjs.org/snorun/-/snorun-1.1.17.tgz",
      "integrity": "sha512-VnW6Hz9Yd0ZC9X17+VFYLO8tA7cE2JF3PZt0iU+ry7Ja+7tWZGJvJgq7/VeZ/xgIjjuxIY6QR2gbV7A5KRLIZQ==",
      "license": "GPLv3"
    },
    "node_modules/strip-final-newline": {
      "version": "4.0.0",
      "license": "MIT",
      "engines": {
        "node": ">=18"
      },
      "funding": {
        "url": "https://github.com/sponsors/sindresorhus"
      }
    },
    "node_modules/toml": {
      "version": "3.0.0",
      "license": "MIT"
    },
    "node_modules/typescript": {
      "version": "5.4.5",
      "resolved": "https://registry.npmjs.org/typescript/-/typescript-5.4.5.tgz",
      "integrity": "sha512-vcI4UpRgg81oIRUFwR0WSIHKt11nJ7SAVlYNIu+QpqeyXP+gpQJy/Z4+F0aGxSE4MqwjyXvW/TzgkLAx2AGHwQ==",
      "license": "Apache-2.0",
      "peer": true,
      "bin": {
        "tsc": "bin/tsc",
        "tsserver": "bin/tsserver"
      },
      "engines": {
        "node": ">=14.17"
      }
    },
    "node_modules/undici-types": {
      "version": "5.26.5",
      "devOptional": true,
      "license": "MIT"
    },
    "node_modules/universal-github-app-jwt": {
      "version": "2.2.0",
      "license": "MIT"
    },
    "node_modules/universal-user-agent": {
      "version": "7.0.2",
      "license": "ISC"
    },
    "node_modules/which": {
      "version": "2.0.2",
      "license": "ISC",
      "dependencies": {
        "isexe": "^2.0.0"
      },
      "bin": {
        "node-which": "bin/node-which"
      },
      "engines": {
        "node": ">= 8"
      }
    },
    "node_modules/yoctocolors": {
      "version": "2.0.2",
      "license": "MIT",
      "engines": {
        "node": ">=18"
      },
      "funding": {
        "url": "https://github.com/sponsors/sindresorhus"
      }
    },
    "node_modules/zx": {
      "version": "8.1.0",
      "license": "Apache-2.0",
      "bin": {
        "zx": "build/cli.js"
      },
      "engines": {
        "node": ">= 12.17.0"
      },
      "optionalDependencies": {
        "@types/fs-extra": "^11.0.4",
        "@types/node": ">=20.12.11"
      }
    }
  },
  "version": "0.2.1"
}
